
Microsoft Visual Studio Solution File, Format Version 12.00
# Visual Studio Version 17
VisualStudioVersion = 17.14.36203.30 d17.14
MinimumVisualStudioVersion = 10.0.40219.1
Project("{FAE04EC0-301F-11D3-BF4B-00C04F79EFBC}") = "BabyStepsDemoBypass", "BabyStepsDemoBypass\BabyStepsDemoBypass.csproj", "{A3D47D2C-7DE0-4441-8183-FEDA936F2079}"
EndProject
Global
	GlobalSection(SolutionConfigurationPlatforms) = preSolution
		Debug|Any CPU = Debug|Any CPU
		Release|Any CPU = Release|Any CPU
	EndGlobalSection
	GlobalSection(ProjectConfigurationPlatforms) = postSolution
		{A3D47D2C-7DE0-4441-8183-FEDA936F2079}.Debug|Any CPU.ActiveCfg = Debug|Any CPU
		{A3D47D2C-7DE0-4441-8183-FEDA936F2079}.Debug|Any CPU.Build.0 = Debug|Any CPU
		{A3D47D2C-7DE0-4441-8183-FEDA936F2079}.Release|Any CPU.ActiveCfg = Release|Any CPU
		{A3D47D2C-7DE0-4441-8183-FEDA936F2079}.Release|Any CPU.Build.0 = Release|Any CPU
	EndGlobalSection
	GlobalSection(SolutionProperties) = preSolution
		HideSolutionNode = FALSE
	EndGlobalSection
	GlobalSection(ExtensibilityGlobals) = postSolution
		SolutionGuid = {5FD2757B-A045-4580-AEAE-9E2C69904651}
	EndGlobalSection
EndGlobal
